<Solution>
  <Folder Name="/samples/">
    <Project Path="samples/00-rule-matrix/refined/RuleMatrix.Refined.csproj" />
    <Project Path="samples/10-gilded-rose/refined/GildedRose.Refined.csproj" />
  </Folder>
  <Folder Name="/tests/">
    <Project Path="tests/Playground.Tests/Playground.Tests.csproj" />
  </Folder>
</Solution>
