{
  "version": 2,
  "dependencies": {
    "net11.0": {
      "CsAssay.Analyzers": {
        "type": "Direct",
        "requested": "[0.2.0-rc.1, )",
        "resolved": "0.2.0-rc.1",
        "contentHash": "CYa2mSv+5BzFw4LzO3y+5p0JP53Dw1nHVSnhi5vRaBvLf8f8BBxro8Z79/MIY3ktYpAmmGJyapOkXqC/E+fTsQ=="
      }
    }
  }
}